// !$*UTF8*$!
{
	archiveVersion = 1;
	classes = {
	};
	objectVersion = 55;
	objects = {

/* Begin PBXBuildFile section */
		FC188A242FC39C1100777EA3 /* QR_DropApp.swift in Sources */ = {isa = PBXBuildFile; fileRef = FC188A232FC39C1100777EA3 /* QR_DropApp.swift */; };
		FC188A262FC39C1100777EA3 /* ContentView.swift in Sources */ = {isa = PBXBuildFile; fileRef = FC188A252FC39C1100777EA3 /* ContentView.swift */; };
		FC188A282FC39C1500777EA3 /* Assets.xcassets in Resources */ = {isa = PBXBuildFile; fileRef = FC188A272FC39C1500777EA3 /* Assets.xcassets */; };
		FC188A2B2FC39C1500777EA3 /* Preview Assets.xcassets in Resources */ = {isa = PBXBuildFile; fileRef = FC188A2A2FC39C1500777EA3 /* Preview Assets.xcassets */; };
		FC188A522FC3A09100777EA3 /* ShareSheet.swift in Sources */ = {isa = PBXBuildFile; fileRef = FC188A512FC3A09100777EA3 /* ShareSheet.swift */; };
		FC188A542FC3A0A600777EA3 /* QRScannerView.swift in Sources */ = {isa = PBXBuildFile; fileRef = FC188A532FC3A0A600777EA3 /* QRScannerView.swift */; };
/* End PBXBuildFile section */

/* Begin PBXContainerItemProxy section */
		FC188A312FC39C1500777EA3 /* PBXContainerItemProxy */ = {
			isa = PBXContainerItemProxy;
			containerPortal = FC188A182FC39C1100777EA3 /* Project object */;
			proxyType = 1;
			remoteGlobalIDString = FC188A1F2FC39C1100777EA3;
			remoteInfo = "QR Drop";
		};
		FC188A3B2FC39C1500777EA3 /* PBXContainerItemProxy */ = {
			isa = PBXContainerItemProxy;
			containerPortal = FC188A182FC39C1100777EA3 /* Project object */;
			proxyType = 1;
			remoteGlobalIDString = FC188A1F2FC39C1100777EA3;
			remoteInfo = "QR Drop";
		};
/* End PBXContainerItemProxy section */

/* Begin PBXFileReference section */
		FC188A202FC39C1100777EA3 /* QR Drop.app */ = {isa = PBXFileReference; explicitFileType = wrapper.application; includeInIndex = 0; path = "QR Drop.app"; sourceTree = BUILT_PRODUCTS_DIR; };
		FC188A232FC39C1100777EA3 /* QR_DropApp.swift */ = {isa = PBXFileReference; lastKnownFileType = sourcecode.swift; path = QR_DropApp.swift; sourceTree = "<group>"; };
		FC188A252FC39C1100777EA3 /* ContentView.swift */ = {isa = PBXFileReference; lastKnownFileType = sourcecode.swift; path = ContentView.swift; sourceTree = "<group>"; };
		FC188A272FC39C1500777EA3 /* Assets.xcassets */ = {isa = PBXFileReference; lastKnownFileType = folder.assetcatalog; path = Assets.xcassets; sourceTree = "<group>"; };
		FC188A2A2FC39C1500777EA3 /* Preview Assets.xcassets */ = {isa = PBXFileReference; lastKnownFileType = folder.assetcatalog; path = "Preview Assets.xcassets"; sourceTree = "<group>"; };
		FC188A302FC39C1500777EA3 /* QR DropTests.xctest */ = {isa = PBXFileReference; explicitFileType = wrapper.cfbundle; includeInIndex = 0; path = "QR DropTests.xctest"; sourceTree = BUILT_PRODUCTS_DIR; };
		FC188A3A2FC39C1500777EA3 /* QR DropUITests.xctest */ = {isa = PBXFileReference; explicitFileType = wrapper.cfbundle; includeInIndex = 0; path = "QR DropUITests.xctest"; sourceTree = BUILT_PRODUCTS_DIR; };
		FC188A512FC3A09100777EA3 /* ShareSheet.swift */ = {isa = PBXFileReference; fileEncoding = 4; lastKnownFileType = sourcecode.swift; path = ShareSheet.swift; sourceTree = "<group>"; };
		FC188A532FC3A0A600777EA3 /* QRScannerView.swift */ = {isa = PBXFileReference; fileEncoding = 4; lastKnownFileType = sourcecode.swift; path = QRScannerView.swift; sourceTree = "<group>"; };
/* End PBXFileReference section */

/* Begin PBXFrameworksBuildPhase section */
		FC188A1D2FC39C1100777EA3 /* Frameworks */ = {
			isa = PBXFrameworksBuildPhase;
			buildActionMask = 2147483647;
			files = (
			);
			runOnlyForDeploymentPostprocessing = 0;
		};
		FC188A2D2FC39C1500777EA3 /* Frameworks */ = {
			isa = PBXFrameworksBuildPhase;
			buildActionMask = 2147483647;
			files = (
			);
			runOnlyForDeploymentPostprocessing = 0;
		};
		FC188A372FC39C1500777EA3 /* Frameworks */ = {
			isa = PBXFrameworksBuildPhase;
			buildActionMask = 2147483647;
			files = (
			);
			runOnlyForDeploymentPostprocessing = 0;
		};
/* End PBXFrameworksBuildPhase section */

/* Begin PBXGroup section */
		FC188A172FC39C1100777EA3 = {
			isa = PBXGroup;
			children = (
				FC188A222FC39C1100777EA3 /* QR Drop */,
				FC188A212FC39C1100777EA3 /* Products */,
			);
			sourceTree = "<group>";
		};
		FC188A212FC39C1100777EA3 /* Products */ = {
			isa = PBXGroup;
			children = (
				FC188A202FC39C1100777EA3 /* QR Drop.app */,
				FC188A302FC39C1500777EA3 /* QR DropTests.xctest */,
				FC188A3A2FC39C1500777EA3 /* QR DropUITests.xctest */,
			);
			name = Products;
			sourceTree = "<group>";
		};
		FC188A222FC39C1100777EA3 /* QR Drop */ = {
			isa = PBXGroup;
			children = (
				FC188A532FC3A0A600777EA3 /* QRScannerView.swift */,
				FC188A512FC3A09100777EA3 /* ShareSheet.swift */,
				FC188A232FC39C1100777EA3 /* QR_DropApp.swift */,
				FC188A252FC39C1100777EA3 /* ContentView.swift */,
				FC188A272FC39C1500777EA3 /* Assets.xcassets */,
				FC188A292FC39C1500777EA3 /* Preview Content */,
			);
			path = "QR Drop";
			sourceTree = "<group>";
		};
		FC188A292FC39C1500777EA3 /* Preview Content */ = {
			isa = PBXGroup;
			children = (
				FC188A2A2FC39C1500777EA3 /* Preview Assets.xcassets */,
			);
			path = "Preview Content";
			sourceTree = "<group>";
		};
/* End PBXGroup section */

/* Begin PBXNativeTarget section */
		FC188A1F2FC39C1100777EA3 /* QR Drop */ = {
			isa = PBXNativeTarget;
			buildConfigurationList = FC188A442FC39C1600777EA3 /* Build configuration list for PBXNativeTarget "QR Drop" */;
			buildPhases = (
				FC188A1C2FC39C1100777EA3 /* Sources */,
				FC188A1D2FC39C1100777EA3 /* Frameworks */,
				FC188A1E2FC39C1100777EA3 /* Resources */,
			);
			buildRules = (
			);
			dependencies = (
			);
			name = "QR Drop";
			productName = "QR Drop";
			productReference = FC188A202FC39C1100777EA3 /* QR Drop.app */;
			productType = "com.apple.product-type.application";
		};
		FC188A2F2FC39C1500777EA3 /* QR DropTests */ = {
			isa = PBXNativeTarget;
			buildConfigurationList = FC188A472FC39C1600777EA3 /* Build configuration list for PBXNativeTarget "QR DropTests" */;
			buildPhases = (
				FC188A2C2FC39C1500777EA3 /* Sources */,
				FC188A2D2FC39C1500777EA3 /* Frameworks */,
				FC188A2E2FC39C1500777EA3 /* Resources */,
			);
			buildRules = (
			);
			dependencies = (
				FC188A322FC39C1500777EA3 /* PBXTargetDependency */,
			);
			name = "QR DropTests";
			productName = "QR DropTests";
			productReference = FC188A302FC39C1500777EA3 /* QR DropTests.xctest */;
			productType = "com.apple.product-type.bundle.unit-test";
		};
		FC188A392FC39C1500777EA3 /* QR DropUITests */ = {
			isa = PBXNativeTarget;
			buildConfigurationList = FC188A4A2FC39C1600777EA3 /* Build configuration list for PBXNativeTarget "QR DropUITests" */;
			buildPhases = (
				FC188A362FC39C1500777EA3 /* Sources */,
				FC188A372FC39C1500777EA3 /* Frameworks */,
				FC188A382FC39C1500777EA3 /* Resources */,
			);
			buildRules = (
			);
			dependencies = (
				FC188A3C2FC39C1500777EA3 /* PBXTargetDependency */,
			);
			name = "QR DropUITests";
			productName = "QR DropUITests";
			productReference = FC188A3A2FC39C1500777EA3 /* QR DropUITests.xctest */;
			productType = "com.apple.product-type.bundle.ui-testing";
		};
/* End PBXNativeTarget section */

/* Begin PBXProject section */
		FC188A182FC39C1100777EA3 /* Project object */ = {
			isa = PBXProject;
			attributes = {
				BuildIndependentTargetsInParallel = 1;
				LastSwiftUpdateCheck = 1320;
				LastUpgradeCheck = 1320;
				TargetAttributes = {
					FC188A1F2FC39C1100777EA3 = {
						CreatedOnToolsVersion = 13.2.1;
					};
					FC188A2F2FC39C1500777EA3 = {
						CreatedOnToolsVersion = 13.2.1;
						TestTargetID = FC188A1F2FC39C1100777EA3;
					};
					FC188A392FC39C1500777EA3 = {
						CreatedOnToolsVersion = 13.2.1;
						TestTargetID = FC188A1F2FC39C1100777EA3;
					};
				};
			};
			buildConfigurationList = FC188A1B2FC39C1100777EA3 /* Build configuration list for PBXProject "QR Drop" */;
			compatibilityVersion = "Xcode 13.0";
			developmentRegion = en;
			hasScannedForEncodings = 0;
			knownRegions = (
				en,
				Base,
			);
			mainGroup = FC188A172FC39C1100777EA3;
			productRefGroup = FC188A212FC39C1100777EA3 /* Products */;
			projectDirPath = "";
			projectRoot = "";
			targets = (
				FC188A1F2FC39C1100777EA3 /* QR Drop */,
				FC188A2F2FC39C1500777EA3 /* QR DropTests */,
				FC188A392FC39C1500777EA3 /* QR DropUITests */,
			);
		};
/* End PBXProject section */

/* Begin PBXResourcesBuildPhase section */
		FC188A1E2FC39C1100777EA3 /* Resources */ = {
			isa = PBXResourcesBuildPhase;
			buildActionMask = 2147483647;
			files = (
				FC188A2B2FC39C1500777EA3 /* Preview Assets.xcassets in Resources */,
				FC188A282FC39C1500777EA3 /* Assets.xcassets in Resources */,
			);
			runOnlyForDeploymentPostprocessing = 0;
		};
		FC188A2E2FC39C1500777EA3 /* Resources */ = {
			isa = PBXResourcesBuildPhase;
			buildActionMask = 2147483647;
			files = (
			);
			runOnlyForDeploymentPostprocessing = 0;
		};
		FC188A382FC39C1500777EA3 /* Resources */ = {
			isa = PBXResourcesBuildPhase;
			buildActionMask = 2147483647;
			files = (
			);
			runOnlyForDeploymentPostprocessing = 0;
		};
/* End PBXResourcesBuildPhase section */

/* Begin PBXSourcesBuildPhase section */
		FC188A1C2FC39C1100777EA3 /* Sources */ = {
			isa = PBXSourcesBuildPhase;
			buildActionMask = 2147483647;
			files = (
				FC188A262FC39C1100777EA3 /* ContentView.swift in Sources */,
				FC188A522FC3A09100777EA3 /* ShareSheet.swift in Sources */,
				FC188A542FC3A0A600777EA3 /* QRScannerView.swift in Sources */,
				FC188A242FC39C1100777EA3 /* QR_DropApp.swift in Sources */,
			);
			runOnlyForDeploymentPostprocessing = 0;
		};
		FC188A2C2FC39C1500777EA3 /* Sources */ = {
			isa = PBXSourcesBuildPhase;
			buildActionMask = 2147483647;
			files = (
			);
			runOnlyForDeploymentPostprocessing = 0;
		};
		FC188A362FC39C1500777EA3 /* Sources */ = {
			isa = PBXSourcesBuildPhase;
			buildActionMask = 2147483647;
			files = (
			);
			runOnlyForDeploymentPostprocessing = 0;
		};
/* End PBXSourcesBuildPhase section */

/* Begin PBXTargetDependency section */
		FC188A322FC39C1500777EA3 /* PBXTargetDependency */ = {
			isa = PBXTargetDependency;
			target = FC188A1F2FC39C1100777EA3 /* QR Drop */;
			targetProxy = FC188A312FC39C1500777EA3 /* PBXContainerItemProxy */;
		};
		FC188A3C2FC39C1500777EA3 /* PBXTargetDependency */ = {
			isa = PBXTargetDependency;
			target = FC188A1F2FC39C1100777EA3 /* QR Drop */;
			targetProxy = FC188A3B2FC39C1500777EA3 /* PBXContainerItemProxy */;
		};
/* End PBXTargetDependency section */

/* Begin XCBuildConfiguration section */
		FC188A422FC39C1600777EA3 /* Debug */ = {
			isa = XCBuildConfiguration;
			buildSettings = {
				ALWAYS_SEARCH_USER_PATHS = NO;
				CLANG_ANALYZER_NONNULL = YES;
				CLANG_ANALYZER_NUMBER_OBJECT_CONVERSION = YES_AGGRESSIVE;
				CLANG_CXX_LANGUAGE_STANDARD = "gnu++17";
				CLANG_CXX_LIBRARY = "libc++";
				CLANG_ENABLE_MODULES = YES;
				CLANG_ENABLE_OBJC_ARC = YES;
				CLANG_ENABLE_OBJC_WEAK = YES;
				CLANG_WARN_BLOCK_CAPTURE_AUTORELEASING = YES;
				CLANG_WARN_BOOL_CONVERSION = YES;
				CLANG_WARN_COMMA = YES;
				CLANG_WARN_CONSTANT_CONVERSION = YES;
				CLANG_WARN_DEPRECATED_OBJC_IMPLEMENTATIONS = YES;
				CLANG_WARN_DIRECT_OBJC_ISA_USAGE = YES_ERROR;
				CLANG_WARN_DOCUMENTATION_COMMENTS = YES;
				CLANG_WARN_EMPTY_BODY = YES;
				CLANG_WARN_ENUM_CONVERSION = YES;
				CLANG_WARN_INFINITE_RECURSION = YES;
				CLANG_WARN_INT_CONVERSION = YES;
				CLANG_WARN_NON_LITERAL_NULL_CONVERSION = YES;
				CLANG_WARN_OBJC_IMPLICIT_RETAIN_SELF = YES;
				CLANG_WARN_OBJC_LITERAL_CONVERSION = YES;
				CLANG_WARN_OBJC_ROOT_CLASS = YES_ERROR;
				CLANG_WARN_QUOTED_INCLUDE_IN_FRAMEWORK_HEADER = YES;
				CLANG_WARN_RANGE_LOOP_ANALYSIS = YES;
				CLANG_WARN_STRICT_PROTOTYPES = YES;
				CLANG_WARN_SUSPICIOUS_MOVE = YES;
				CLANG_WARN_UNGUARDED_AVAILABILITY = YES_AGGRESSIVE;
				CLANG_WARN_UNREACHABLE_CODE = YES;
				CLANG_WARN__DUPLICATE_METHOD_MATCH = YES;
				COPY_PHASE_STRIP = NO;
				DEBUG_INFORMATION_FORMAT = dwarf;
				ENABLE_STRICT_OBJC_MSGSEND = YES;
				ENABLE_TESTABILITY = YES;
				GCC_C_LANGUAGE_STANDARD = gnu11;
				GCC_DYNAMIC_NO_PIC = NO;
				GCC_NO_COMMON_BLOCKS = YES;
				GCC_OPTIMIZATION_LEVEL = 0;
				GCC_PREPROCESSOR_DEFINITIONS = (
					"DEBUG=1",
					"$(inherited)",
				);
				GCC_WARN_64_TO_32_BIT_CONVERSION = YES;
				GCC_WARN_ABOUT_RETURN_TYPE = YES_ERROR;
				GCC_WARN_UNDECLARED_SELECTOR = YES;
				GCC_WARN_UNINITIALIZED_AUTOS = YES_AGGRESSIVE;
				GCC_WARN_UNUSED_FUNCTION = YES;
				GCC_WARN_UNUSED_VARIABLE = YES;
				IPHONEOS_DEPLOYMENT_TARGET = 15.2;
				MTL_ENABLE_DEBUG_INFO = INCLUDE_SOURCE;
				MTL_FAST_MATH = YES;
				ONLY_ACTIVE_ARCH = YES;
				SDKROOT = iphoneos;
				SWIFT_ACTIVE_COMPILATION_CONDITIONS = DEBUG;
				SWIFT_OPTIMIZATION_LEVEL = "-Onone";
			};
			name = Debug;
		};
		FC188A432FC39C1600777EA3 /* Release */ = {
			isa = XCBuildConfiguration;
			buildSettings = {
				ALWAYS_SEARCH_USER_PATHS = NO;
				CLANG_ANALYZER_NONNULL = YES;
				CLANG_ANALYZER_NUMBER_OBJECT_CONVERSION = YES_AGGRESSIVE;
				CLANG_CXX_LANGUAGE_STANDARD = "gnu++17";
				CLANG_CXX_LIBRARY = "libc++";
				CLANG_ENABLE_MODULES = YES;
				CLANG_ENABLE_OBJC_ARC = YES;
				CLANG_ENABLE_OBJC_WEAK = YES;
				CLANG_WARN_BLOCK_CAPTURE_AUTORELEASING = YES;
				CLANG_WARN_BOOL_CONVERSION = YES;
				CLANG_WARN_COMMA = YES;
				CLANG_WARN_CONSTANT_CONVERSION = YES;
				CLANG_WARN_DEPRECATED_OBJC_IMPLEMENTATIONS = YES;
				CLANG_WARN_DIRECT_OBJC_ISA_USAGE = YES_ERROR;
				CLANG_WARN_DOCUMENTATION_COMMENTS = YES;
				CLANG_WARN_EMPTY_BODY = YES;
				CLANG_WARN_ENUM_CONVERSION = YES;
				CLANG_WARN_INFINITE_RECURSION = YES;
				CLANG_WARN_INT_CONVERSION = YES;
				CLANG_WARN_NON_LITERAL_NULL_CONVERSION = YES;
				CLANG_WARN_OBJC_IMPLICIT_RETAIN_SELF = YES;
				CLANG_WARN_OBJC_LITERAL_CONVERSION = YES;
				CLANG_WARN_OBJC_ROOT_CLASS = YES_ERROR;
				CLANG_WARN_QUOTED_INCLUDE_IN_FRAMEWORK_HEADER = YES;
				CLANG_WARN_RANGE_LOOP_ANALYSIS = YES;
				CLANG_WARN_STRICT_PROTOTYPES = YES;
				CLANG_WARN_SUSPICIOUS_MOVE = YES;
				CLANG_WARN_UNGUARDED_AVAILABILITY = YES_AGGRESSIVE;
				CLANG_WARN_UNREACHABLE_CODE = YES;
				CLANG_WARN__DUPLICATE_METHOD_MATCH = YES;
				COPY_PHASE_STRIP = NO;
				DEBUG_INFORMATION_FORMAT = "dwarf-with-dsym";
				ENABLE_NS_ASSERTIONS = NO;
				ENABLE_STRICT_OBJC_MSGSEND = YES;
				GCC_C_LANGUAGE_STANDARD = gnu11;
				GCC_NO_COMMON_BLOCKS = YES;
				GCC_WARN_64_TO_32_BIT_CONVERSION = YES;
				GCC_WARN_ABOUT_RETURN_TYPE = YES_ERROR;
				GCC_WARN_UNDECLARED_SELECTOR = YES;
				GCC_WARN_UNINITIALIZED_AUTOS = YES_AGGRESSIVE;
				GCC_WARN_UNUSED_FUNCTION = YES;
				GCC_WARN_UNUSED_VARIABLE = YES;
				IPHONEOS_DEPLOYMENT_TARGET = 15.2;
				MTL_ENABLE_DEBUG_INFO = NO;
				MTL_FAST_MATH = YES;
				SDKROOT = iphoneos;
				SWIFT_COMPILATION_MODE = wholemodule;
				SWIFT_OPTIMIZATION_LEVEL = "-O";
				VALIDATE_PRODUCT = YES;
			};
			name = Release;
		};
		FC188A452FC39C1600777EA3 /* Debug */ = {
			isa = XCBuildConfiguration;
			buildSettings = {
				ASSETCATALOG_COMPILER_APPICON_NAME = AppIcon;
				ASSETCATALOG_COMPILER_GLOBAL_ACCENT_COLOR_NAME = AccentColor;
				CODE_SIGN_STYLE = Automatic;
				CURRENT_PROJECT_VERSION = 1;
				DEVELOPMENT_ASSET_PATHS = "\"QR Drop/Preview Content\"";
				DEVELOPMENT_TEAM = K78Q43DUKU;
				ENABLE_PREVIEWS = YES;
				GENERATE_INFOPLIST_FILE = YES;
				INFOPLIST_KEY_UIApplicationSceneManifest_Generation = YES;
				INFOPLIST_KEY_UIApplicationSupportsIndirectInputEvents = YES;
				INFOPLIST_KEY_UILaunchScreen_Generation = YES;
				INFOPLIST_KEY_UISupportedInterfaceOrientations_iPad = "UIInterfaceOrientationPortrait UIInterfaceOrientationPortraitUpsideDown UIInterfaceOrientationLandscapeLeft UIInterfaceOrientationLandscapeRight";
				INFOPLIST_KEY_UISupportedInterfaceOrientations_iPhone = "UIInterfaceOrientationPortrait UIInterfaceOrientationLandscapeLeft UIInterfaceOrientationLandscapeRight";
				LD_RUNPATH_SEARCH_PATHS = (
					"$(inherited)",
					"@executable_path/Frameworks",
				);
				MARKETING_VERSION = 1.0;
				PRODUCT_BUNDLE_IDENTIFIER = "org.bitetheapple.QR-Drop";
				PRODUCT_NAME = "$(TARGET_NAME)";
				SWIFT_EMIT_LOC_STRINGS = YES;
				SWIFT_VERSION = 5.0;
				TARGETED_DEVICE_FAMILY = "1,2";
			};
			name = Debug;
		};
		FC188A462FC39C1600777EA3 /* Release */ = {
			isa = XCBuildConfiguration;
			buildSettings = {
				ASSETCATALOG_COMPILER_APPICON_NAME = AppIcon;
				ASSETCATALOG_COMPILER_GLOBAL_ACCENT_COLOR_NAME = AccentColor;
				CODE_SIGN_STYLE = Automatic;
				CURRENT_PROJECT_VERSION = 1;
				DEVELOPMENT_ASSET_PATHS = "\"QR Drop/Preview Content\"";
				DEVELOPMENT_TEAM = K78Q43DUKU;
				ENABLE_PREVIEWS = YES;
				GENERATE_INFOPLIST_FILE = YES;
				INFOPLIST_KEY_UIApplicationSceneManifest_Generation = YES;
				INFOPLIST_KEY_UIApplicationSupportsIndirectInputEvents = YES;
				INFOPLIST_KEY_UILaunchScreen_Generation = YES;
				INFOPLIST_KEY_UISupportedInterfaceOrientations_iPad = "UIInterfaceOrientationPortrait UIInterfaceOrientationPortraitUpsideDown UIInterfaceOrientationLandscapeLeft UIInterfaceOrientationLandscapeRight";
				INFOPLIST_KEY_UISupportedInterfaceOrientations_iPhone = "UIInterfaceOrientationPortrait UIInterfaceOrientationLandscapeLeft UIInterfaceOrientationLandscapeRight";
				LD_RUNPATH_SEARCH_PATHS = (
					"$(inherited)",
					"@executable_path/Frameworks",
				);
				MARKETING_VERSION = 1.0;
				PRODUCT_BUNDLE_IDENTIFIER = "org.bitetheapple.QR-Drop";
				PRODUCT_NAME = "$(TARGET_NAME)";
				SWIFT_EMIT_LOC_STRINGS = YES;
				SWIFT_VERSION = 5.0;
				TARGETED_DEVICE_FAMILY = "1,2";
			};
			name = Release;
		};
		FC188A482FC39C1600777EA3 /* Debug */ = {
			isa = XCBuildConfiguration;
			buildSettings = {
				ALWAYS_EMBED_SWIFT_STANDARD_LIBRARIES = YES;
				BUNDLE_LOADER = "$(TEST_HOST)";
				CODE_SIGN_STYLE = Automatic;
				CURRENT_PROJECT_VERSION = 1;
				DEVELOPMENT_TEAM = K78Q43DUKU;
				GENERATE_INFOPLIST_FILE = YES;
				IPHONEOS_DEPLOYMENT_TARGET = 15.2;
				MARKETING_VERSION = 1.0;
				PRODUCT_BUNDLE_IDENTIFIER = "org.bitetheapple.QR-DropTests";
				PRODUCT_NAME = "$(TARGET_NAME)";
				SWIFT_EMIT_LOC_STRINGS = NO;
				SWIFT_VERSION = 5.0;
				TARGETED_DEVICE_FAMILY = "1,2";
				TEST_HOST = "$(BUILT_PRODUCTS_DIR)/QR Drop.app/QR Drop";
			};
			name = Debug;
		};
		FC188A492FC39C1600777EA3 /* Release */ = {
			isa = XCBuildConfiguration;
			buildSettings = {
				ALWAYS_EMBED_SWIFT_STANDARD_LIBRARIES = YES;
				BUNDLE_LOADER = "$(TEST_HOST)";
				CODE_SIGN_STYLE = Automatic;
				CURRENT_PROJECT_VERSION = 1;
				DEVELOPMENT_TEAM = K78Q43DUKU;
				GENERATE_INFOPLIST_FILE = YES;
				IPHONEOS_DEPLOYMENT_TARGET = 15.2;
				MARKETING_VERSION = 1.0;
				PRODUCT_BUNDLE_IDENTIFIER = "org.bitetheapple.QR-DropTests";
				PRODUCT_NAME = "$(TARGET_NAME)";
				SWIFT_EMIT_LOC_STRINGS = NO;
				SWIFT_VERSION = 5.0;
				TARGETED_DEVICE_FAMILY = "1,2";
				TEST_HOST = "$(BUILT_PRODUCTS_DIR)/QR Drop.app/QR Drop";
			};
			name = Release;
		};
		FC188A4B2FC39C1600777EA3 /* Debug */ = {
			isa = XCBuildConfiguration;
			buildSettings = {
				ALWAYS_EMBED_SWIFT_STANDARD_LIBRARIES = YES;
				CODE_SIGN_STYLE = Automatic;
				CURRENT_PROJECT_VERSION = 1;
				DEVELOPMENT_TEAM = K78Q43DUKU;
				GENERATE_INFOPLIST_FILE = YES;
				MARKETING_VERSION = 1.0;
				PRODUCT_BUNDLE_IDENTIFIER = "org.bitetheapple.QR-DropUITests";
				PRODUCT_NAME = "$(TARGET_NAME)";
				SWIFT_EMIT_LOC_STRINGS = NO;
				SWIFT_VERSION = 5.0;
				TARGETED_DEVICE_FAMILY = "1,2";
				TEST_TARGET_NAME = "QR Drop";
			};
			name = Debug;
		};
		FC188A4C2FC39C1600777EA3 /* Release */ = {
			isa = XCBuildConfiguration;
			buildSettings = {
				ALWAYS_EMBED_SWIFT_STANDARD_LIBRARIES = YES;
				CODE_SIGN_STYLE = Automatic;
				CURRENT_PROJECT_VERSION = 1;
				DEVELOPMENT_TEAM = K78Q43DUKU;
				GENERATE_INFOPLIST_FILE = YES;
				MARKETING_VERSION = 1.0;
				PRODUCT_BUNDLE_IDENTIFIER = "org.bitetheapple.QR-DropUITests";
				PRODUCT_NAME = "$(TARGET_NAME)";
				SWIFT_EMIT_LOC_STRINGS = NO;
				SWIFT_VERSION = 5.0;
				TARGETED_DEVICE_FAMILY = "1,2";
				TEST_TARGET_NAME = "QR Drop";
			};
			name = Release;
		};
/* End XCBuildConfiguration section */

/* Begin XCConfigurationList section */
		FC188A1B2FC39C1100777EA3 /* Build configuration list for PBXProject "QR Drop" */ = {
			isa = XCConfigurationList;
			buildConfigurations = (
				FC188A422FC39C1600777EA3 /* Debug */,
				FC188A432FC39C1600777EA3 /* Release */,
			);
			defaultConfigurationIsVisible = 0;
			defaultConfigurationName = Release;
		};
		FC188A442FC39C1600777EA3 /* Build configuration list for PBXNativeTarget "QR Drop" */ = {
			isa = XCConfigurationList;
			buildConfigurations = (
				FC188A452FC39C1600777EA3 /* Debug */,
				FC188A462FC39C1600777EA3 /* Release */,
			);
			defaultConfigurationIsVisible = 0;
			defaultConfigurationName = Release;
		};
		FC188A472FC39C1600777EA3 /* Build configuration list for PBXNativeTarget "QR DropTests" */ = {
			isa = XCConfigurationList;
			buildConfigurations = (
				FC188A482FC39C1600777EA3 /* Debug */,
				FC188A492FC39C1600777EA3 /* Release */,
			);
			defaultConfigurationIsVisible = 0;
			defaultConfigurationName = Release;
		};
		FC188A4A2FC39C1600777EA3 /* Build configuration list for PBXNativeTarget "QR DropUITests" */ = {
			isa = XCConfigurationList;
			buildConfigurations = (
				FC188A4B2FC39C1600777EA3 /* Debug */,
				FC188A4C2FC39C1600777EA3 /* Release */,
			);
			defaultConfigurationIsVisible = 0;
			defaultConfigurationName = Release;
		};
/* End XCConfigurationList section */
	};
	rootObject = FC188A182FC39C1100777EA3 /* Project object */;
}
